{
  "requires": true,
  "lockfileVersion": 1,
  "dependencies": {
    "intl-tel-input": {
      "version": "12.1.15",
      "resolved": "https://registry.npmjs.org/intl-tel-input/-/intl-tel-input-12.1.15.tgz",
      "integrity": "sha512-9TN9x6aGdO1eL6iGFpobuLU4UymZqjSnS9UnsOSi//LU3A8nkLOcokSYBYjak18Uu8OM59HsGYDd1jKmwRsskw=="
    }
  }
}
